{
  "name": "mutant-scroll",
  "version": "0.0.6",
  "lockfileVersion": 1,
  "requires": true,
  "dependencies": {
    "browser-split": {
      "version": "0.0.1",
      "resolved": "https://registry.npmjs.org/browser-split/-/browser-split-0.0.1.tgz",
      "integrity": "sha1-ewl1dPjj6tYG+0Zk5krf3aKYGpM="
    },
    "mutant": {
      "version": "3.22.1",
      "resolved": "https://registry.npmjs.org/mutant/-/mutant-3.22.1.tgz",
      "integrity": "sha1-kEh1RvcAs8KKqApD0c99M48wdYE=",
      "requires": {
        "browser-split": "0.0.1",
        "xtend": "^4.0.1"
      }
    },
    "pull-pause": {
      "version": "0.0.1",
      "resolved": "https://registry.npmjs.org/pull-pause/-/pull-pause-0.0.1.tgz",
      "integrity": "sha1-xJm0Fhqt2+qE9S6JjlcPol1foiw="
    },
    "pull-stream": {
      "version": "3.6.1",
      "resolved": "https://registry.npmjs.org/pull-stream/-/pull-stream-3.6.1.tgz",
      "integrity": "sha1-xcKuSlEkbv7rzGXAQSo9clqSzgA="
    },
    "xtend": {
      "version": "4.0.1",
      "resolved": "https://registry.npmjs.org/xtend/-/xtend-4.0.1.tgz",
      "integrity": "sha1-pcbVMr5lbiPbgg77lDofBJmNY68="
    }
  }
}
